
Microsoft Visual Studio Solution File, Format Version 12.00
Project("{FAE04EC0-301F-11D3-BF4B-00C04F79EFBC}") = "App.BuildingBlocks.Domain", "src\BuildingBlocks\Domain\App.BuildingBlocks.Domain.csproj", "{42E66F17-FB61-4558-938E-7835E9BDB0F1}"
EndProject
Global
	GlobalSection(SolutionConfigurationPlatforms) = preSolution
		Debug|Any CPU = Debug|Any CPU
		Release|Any CPU = Release|Any CPU
	EndGlobalSection
	GlobalSection(ProjectConfigurationPlatforms) = postSolution
		{42E66F17-FB61-4558-938E-7835E9BDB0F1}.Debug|Any CPU.ActiveCfg = Debug|Any CPU
		{42E66F17-FB61-4558-938E-7835E9BDB0F1}.Debug|Any CPU.Build.0 = Debug|Any CPU
		{42E66F17-FB61-4558-938E-7835E9BDB0F1}.Release|Any CPU.ActiveCfg = Release|Any CPU
		{42E66F17-FB61-4558-938E-7835E9BDB0F1}.Release|Any CPU.Build.0 = Release|Any CPU
	EndGlobalSection
EndGlobal
