
Microsoft Visual Studio Solution File, Format Version 12.00
# Visual Studio Version 17
VisualStudioVersion = 17.5.33414.496
MinimumVisualStudioVersion = 10.0.40219.1
Project("{9A19103F-16F7-4668-BE54-9A1E7A4F7556}") = "App.BuildingBlocks.Domain", "src\BuildingBlocks\Domain\App.BuildingBlocks.Domain.csproj", "{42E66F17-FB61-4558-938E-7835E9BDB0F1}"
EndProject
Project("{9A19103F-16F7-4668-BE54-9A1E7A4F7556}") = "App.BuildingBlocks.Application", "src\BuildingBlocks\Application\App.BuildingBlocks.Application.csproj", "{CEEDAE42-D972-47A0-911A-9755898CA368}"
EndProject
Project("{9A19103F-16F7-4668-BE54-9A1E7A4F7556}") = "App.BuildingBlocks.Infrastructure", "src\BuildingBlocks\Infrastructure\App.BuildingBlocks.Infrastructure.csproj", "{B66FDADC-7420-412A-A3B5-44AAD89F1245}"
EndProject
Project("{9A19103F-16F7-4668-BE54-9A1E7A4F7556}") = "App.BuildingBlocks.Integration", "src\BuildingBlocks\Integration\App.BuildingBlocks.Integration.csproj", "{3254F9ED-B4B6-48AD-B523-E45B16BBD778}"
EndProject
Project("{9A19103F-16F7-4668-BE54-9A1E7A4F7556}") = "App.BuildingBlocks.Tests", "src\BuildingBlocks\Tests\App.BuildingBlocks.Tests.csproj", "{F5B7C9AD-90DA-469E-8C93-2F93DFB521B7}"
EndProject
Project("{9A19103F-16F7-4668-BE54-9A1E7A4F7556}") = "App.API", "src\API\App.API.csproj", "{BA87C69C-C08D-467F-BE00-13D92A518C33}"
EndProject
Project("{9A19103F-16F7-4668-BE54-9A1E7A4F7556}") = "App.Modules.UserAccess.Domain", "src\Modules\UserAccess\Domain\App.Modules.UserAccess.Domain.csproj", "{B7C754A4-EAAC-479F-888A-690311C40DC4}"
EndProject
Project("{9A19103F-16F7-4668-BE54-9A1E7A4F7556}") = "App.Modules.UserAccess.Application", "src\Modules\UserAccess\Application\App.Modules.UserAccess.Application.csproj", "{18AE7BFC-A7F7-4EEC-ABB6-C4E1D43849F9}"
EndProject
Project("{9A19103F-16F7-4668-BE54-9A1E7A4F7556}") = "App.Modules.UserAccess.Infrastructure", "src\Modules\UserAccess\Infrastructure\App.Modules.UserAccess.Infrastructure.csproj", "{CA101363-2177-4B85-9DC8-C6F7CC85931E}"
EndProject
Project("{9A19103F-16F7-4668-BE54-9A1E7A4F7556}") = "App.Modules.UserAccess.IntegrationEvents", "src\Modules\UserAccess\IntegrationEvents\App.Modules.UserAccess.IntegrationEvents.csproj", "{A2703147-DB6F-44EA-A84F-AF6433C7EE64}"
EndProject
Project("{9A19103F-16F7-4668-BE54-9A1E7A4F7556}") = "App.Modules.UserAccess.ArchTests", "src\Modules\UserAccess\Tests\ArchTests\App.Modules.UserAccess.ArchTests.csproj", "{6EB89093-D1D6-4930-ABF2-3C5530338FC8}"
EndProject
Project("{9A19103F-16F7-4668-BE54-9A1E7A4F7556}") = "App.Modules.UserAccess.UnitTests", "src\Modules\UserAccess\Tests\UnitTests\App.Modules.UserAccess.UnitTests.csproj", "{A0CC105C-2927-43B7-AA71-52636709BD3D}"
EndProject
Project("{9A19103F-16F7-4668-BE54-9A1E7A4F7556}") = "App.Modules.UserAccess.IntegrationTests", "src\Modules\UserAccess\Tests\IntegrationTests\App.Modules.UserAccess.IntegrationTests.csproj", "{1F452E65-B0F6-4C60-BCDD-F6EB36179C8F}"
EndProject
Project("{9A19103F-16F7-4668-BE54-9A1E7A4F7556}") = "App.Modules.Notifications.Domain", "src\Modules\Notifications\Domain\App.Modules.Notifications.Domain.csproj", "{93BC766A-7E65-4AE2-9BD2-95BAD035C8CF}"
EndProject
Project("{9A19103F-16F7-4668-BE54-9A1E7A4F7556}") = "App.Modules.Notifications.Application", "src\Modules\Notifications\Application\App.Modules.Notifications.Application.csproj", "{E4DC4E19-7E75-48A5-A71B-6211AC8F555F}"
EndProject
Project("{9A19103F-16F7-4668-BE54-9A1E7A4F7556}") = "App.Modules.Notifications.Infrastructure", "src\Modules\Notifications\Infrastructure\App.Modules.Notifications.Infrastructure.csproj", "{C4459062-36E6-46D1-A862-371D619036A5}"
EndProject
Project("{9A19103F-16F7-4668-BE54-9A1E7A4F7556}") = "App.Modules.Notifications.ArchTests", "src\Modules\Notifications\Tests\ArchTests\App.Modules.Notifications.ArchTests.csproj", "{F8A6100E-849A-48CB-9163-5F6784E03FCA}"
EndProject
Project("{9A19103F-16F7-4668-BE54-9A1E7A4F7556}") = "App.Modules.Notifications.UnitTests", "src\Modules\Notifications\Tests\UnitTests\App.Modules.Notifications.UnitTests.csproj", "{E7CD8FD6-299E-4E59-8FAB-1DBC6BB40E85}"
EndProject
Project("{9A19103F-16F7-4668-BE54-9A1E7A4F7556}") = "App.Modules.Notifications.IntegrationTests", "src\Modules\Notifications\Tests\IntegrationTests\App.Modules.Notifications.IntegrationTests.csproj", "{0D46C2F2-F49C-468E-8369-DA790387891B}"
EndProject
Project("{9A19103F-16F7-4668-BE54-9A1E7A4F7556}") = "App.IntegrationTests", "src\Tests\IntegrationTests\App.IntegrationTests.csproj", "{C868F983-CD9F-47F5-B70F-EF12DA50901B}"
EndProject
Project("{9A19103F-16F7-4668-BE54-9A1E7A4F7556}") = "App.ArchTests", "src\Tests\ArchTests\App.ArchTests.csproj", "{204158C0-0EAE-4149-B51C-E260DD32600A}"
EndProject
Project("{2150E333-8FDC-42A3-9474-1A3956D46DE8}") = ".root", ".root", "{29792374-3E5F-485C-90CD-773DAA420286}"
	ProjectSection(SolutionItems) = preProject
		.env.test = .env.test
		.gitignore = .gitignore
		docker-compose.yaml = docker-compose.yaml
		Makefile = Makefile
		README.md = README.md
		Savify.sln.DotSettings.user = Savify.sln.DotSettings.user
		TestSettings.runsettings = TestSettings.runsettings
	EndProjectSection
EndProject
Project("{2150E333-8FDC-42A3-9474-1A3956D46DE8}") = "API", "API", "{EA2D5034-E5D8-4660-ADAC-52599317D4AB}"
EndProject
Project("{2150E333-8FDC-42A3-9474-1A3956D46DE8}") = "BuildingBlocks", "BuildingBlocks", "{A61200F0-9CB5-493E-80A0-42D181829F3A}"
EndProject
Project("{2150E333-8FDC-42A3-9474-1A3956D46DE8}") = "Modules", "Modules", "{85EC9C33-206A-4B0F-A78E-BBFED4FE11BD}"
EndProject
Project("{2150E333-8FDC-42A3-9474-1A3956D46DE8}") = "Notifications", "Notifications", "{614AA553-EB57-47CC-BBCF-E94373C917DA}"
EndProject
Project("{2150E333-8FDC-42A3-9474-1A3956D46DE8}") = "UserAccess", "UserAccess", "{F1A35675-89C9-4F73-AAA3-FAF5B1212FCB}"
EndProject
Project("{2150E333-8FDC-42A3-9474-1A3956D46DE8}") = "Tests", "Tests", "{E7279069-FA67-42DC-B1AA-02F963BAA432}"
EndProject
Project("{2150E333-8FDC-42A3-9474-1A3956D46DE8}") = "Tests", "Tests", "{0C0018A6-D578-4BD8-8C49-23EF4CEF1DFB}"
EndProject
Project("{2150E333-8FDC-42A3-9474-1A3956D46DE8}") = "Tests", "Tests", "{BEE875FA-59EC-4A1A-940D-0C3B6E360304}"
EndProject
Project("{2150E333-8FDC-42A3-9474-1A3956D46DE8}") = "Tests", "Tests", "{77C71F41-06F2-4E66-9810-CB98B5A59A94}"
EndProject
Project("{FAE04EC0-301F-11D3-BF4B-00C04F79EFBC}") = "App.Modules.Wallets.Application", "src\Modules\Wallets\Application\App.Modules.Wallets.Application.csproj", "{8CD80D28-2647-47B7-9206-2FA4446B9C92}"
EndProject
Project("{FAE04EC0-301F-11D3-BF4B-00C04F79EFBC}") = "App.Modules.Wallets.Domain", "src\Modules\Wallets\Domain\App.Modules.Wallets.Domain.csproj", "{CA815CC1-CF0F-4B68-833B-F72569F5DB7B}"
EndProject
Project("{FAE04EC0-301F-11D3-BF4B-00C04F79EFBC}") = "App.Modules.Wallets.Infrastructure", "src\Modules\Wallets\Infrastructure\App.Modules.Wallets.Infrastructure.csproj", "{8B049133-B324-4E25-B896-F0EE02A91B44}"
EndProject
Project("{FAE04EC0-301F-11D3-BF4B-00C04F79EFBC}") = "App.Modules.Wallets.IntegrationEvents", "src\Modules\Wallets\IntegrationEvents\App.Modules.Wallets.IntegrationEvents.csproj", "{1A15C488-F52F-4B36-B9D6-A39879789D28}"
EndProject
Project("{FAE04EC0-301F-11D3-BF4B-00C04F79EFBC}") = "App.Modules.Wallets.ArchTests", "src\Modules\Wallets\Tests\ArchTests\App.Modules.Wallets.ArchTests.csproj", "{2D4B364D-47F8-403A-80FC-887E03F024DC}"
EndProject
Project("{FAE04EC0-301F-11D3-BF4B-00C04F79EFBC}") = "App.Modules.Wallets.IntegrationTests", "src\Modules\Wallets\Tests\IntegrationTests\App.Modules.Wallets.IntegrationTests.csproj", "{936345AF-742F-4292-9A33-6B59B2CC3787}"
EndProject
Project("{FAE04EC0-301F-11D3-BF4B-00C04F79EFBC}") = "App.Modules.Wallets.UnitTests", "src\Modules\Wallets\Tests\UnitTests\App.Modules.Wallets.UnitTests.csproj", "{CE76C341-38B9-4FA8-A5AB-37E102A9B838}"
EndProject
Project("{2150E333-8FDC-42A3-9474-1A3956D46DE8}") = "Wallets", "Wallets", "{345FEA79-1699-4B15-BF2C-FDAFCFAE1572}"
EndProject
Global
	GlobalSection(SolutionConfigurationPlatforms) = preSolution
		Debug|Any CPU = Debug|Any CPU
		Release|Any CPU = Release|Any CPU
	EndGlobalSection
	GlobalSection(ProjectConfigurationPlatforms) = postSolution
		{42E66F17-FB61-4558-938E-7835E9BDB0F1}.Debug|Any CPU.ActiveCfg = Debug|Any CPU
		{42E66F17-FB61-4558-938E-7835E9BDB0F1}.Debug|Any CPU.Build.0 = Debug|Any CPU
		{42E66F17-FB61-4558-938E-7835E9BDB0F1}.Release|Any CPU.ActiveCfg = Release|Any CPU
		{42E66F17-FB61-4558-938E-7835E9BDB0F1}.Release|Any CPU.Build.0 = Release|Any CPU
		{CEEDAE42-D972-47A0-911A-9755898CA368}.Debug|Any CPU.ActiveCfg = Debug|Any CPU
		{CEEDAE42-D972-47A0-911A-9755898CA368}.Debug|Any CPU.Build.0 = Debug|Any CPU
		{CEEDAE42-D972-47A0-911A-9755898CA368}.Release|Any CPU.ActiveCfg = Release|Any CPU
		{CEEDAE42-D972-47A0-911A-9755898CA368}.Release|Any CPU.Build.0 = Release|Any CPU
		{B66FDADC-7420-412A-A3B5-44AAD89F1245}.Debug|Any CPU.ActiveCfg = Debug|Any CPU
		{B66FDADC-7420-412A-A3B5-44AAD89F1245}.Debug|Any CPU.Build.0 = Debug|Any CPU
		{B66FDADC-7420-412A-A3B5-44AAD89F1245}.Release|Any CPU.ActiveCfg = Release|Any CPU
		{B66FDADC-7420-412A-A3B5-44AAD89F1245}.Release|Any CPU.Build.0 = Release|Any CPU
		{3254F9ED-B4B6-48AD-B523-E45B16BBD778}.Debug|Any CPU.ActiveCfg = Debug|Any CPU
		{3254F9ED-B4B6-48AD-B523-E45B16BBD778}.Debug|Any CPU.Build.0 = Debug|Any CPU
		{3254F9ED-B4B6-48AD-B523-E45B16BBD778}.Release|Any CPU.ActiveCfg = Release|Any CPU
		{3254F9ED-B4B6-48AD-B523-E45B16BBD778}.Release|Any CPU.Build.0 = Release|Any CPU
		{F5B7C9AD-90DA-469E-8C93-2F93DFB521B7}.Debug|Any CPU.ActiveCfg = Debug|Any CPU
		{F5B7C9AD-90DA-469E-8C93-2F93DFB521B7}.Debug|Any CPU.Build.0 = Debug|Any CPU
		{F5B7C9AD-90DA-469E-8C93-2F93DFB521B7}.Release|Any CPU.ActiveCfg = Release|Any CPU
		{F5B7C9AD-90DA-469E-8C93-2F93DFB521B7}.Release|Any CPU.Build.0 = Release|Any CPU
		{BA87C69C-C08D-467F-BE00-13D92A518C33}.Debug|Any CPU.ActiveCfg = Debug|Any CPU
		{BA87C69C-C08D-467F-BE00-13D92A518C33}.Debug|Any CPU.Build.0 = Debug|Any CPU
		{BA87C69C-C08D-467F-BE00-13D92A518C33}.Release|Any CPU.ActiveCfg = Release|Any CPU
		{BA87C69C-C08D-467F-BE00-13D92A518C33}.Release|Any CPU.Build.0 = Release|Any CPU
		{B7C754A4-EAAC-479F-888A-690311C40DC4}.Debug|Any CPU.ActiveCfg = Debug|Any CPU
		{B7C754A4-EAAC-479F-888A-690311C40DC4}.Debug|Any CPU.Build.0 = Debug|Any CPU
		{B7C754A4-EAAC-479F-888A-690311C40DC4}.Release|Any CPU.ActiveCfg = Release|Any CPU
		{B7C754A4-EAAC-479F-888A-690311C40DC4}.Release|Any CPU.Build.0 = Release|Any CPU
		{18AE7BFC-A7F7-4EEC-ABB6-C4E1D43849F9}.Debug|Any CPU.ActiveCfg = Debug|Any CPU
		{18AE7BFC-A7F7-4EEC-ABB6-C4E1D43849F9}.Debug|Any CPU.Build.0 = Debug|Any CPU
		{18AE7BFC-A7F7-4EEC-ABB6-C4E1D43849F9}.Release|Any CPU.ActiveCfg = Release|Any CPU
		{18AE7BFC-A7F7-4EEC-ABB6-C4E1D43849F9}.Release|Any CPU.Build.0 = Release|Any CPU
		{CA101363-2177-4B85-9DC8-C6F7CC85931E}.Debug|Any CPU.ActiveCfg = Debug|Any CPU
		{CA101363-2177-4B85-9DC8-C6F7CC85931E}.Debug|Any CPU.Build.0 = Debug|Any CPU
		{CA101363-2177-4B85-9DC8-C6F7CC85931E}.Release|Any CPU.ActiveCfg = Release|Any CPU
		{CA101363-2177-4B85-9DC8-C6F7CC85931E}.Release|Any CPU.Build.0 = Release|Any CPU
		{A2703147-DB6F-44EA-A84F-AF6433C7EE64}.Debug|Any CPU.ActiveCfg = Debug|Any CPU
		{A2703147-DB6F-44EA-A84F-AF6433C7EE64}.Debug|Any CPU.Build.0 = Debug|Any CPU
		{A2703147-DB6F-44EA-A84F-AF6433C7EE64}.Release|Any CPU.ActiveCfg = Release|Any CPU
		{A2703147-DB6F-44EA-A84F-AF6433C7EE64}.Release|Any CPU.Build.0 = Release|Any CPU
		{6EB89093-D1D6-4930-ABF2-3C5530338FC8}.Debug|Any CPU.ActiveCfg = Debug|Any CPU
		{6EB89093-D1D6-4930-ABF2-3C5530338FC8}.Debug|Any CPU.Build.0 = Debug|Any CPU
		{6EB89093-D1D6-4930-ABF2-3C5530338FC8}.Release|Any CPU.ActiveCfg = Release|Any CPU
		{6EB89093-D1D6-4930-ABF2-3C5530338FC8}.Release|Any CPU.Build.0 = Release|Any CPU
		{A0CC105C-2927-43B7-AA71-52636709BD3D}.Debug|Any CPU.ActiveCfg = Debug|Any CPU
		{A0CC105C-2927-43B7-AA71-52636709BD3D}.Debug|Any CPU.Build.0 = Debug|Any CPU
		{A0CC105C-2927-43B7-AA71-52636709BD3D}.Release|Any CPU.ActiveCfg = Release|Any CPU
		{A0CC105C-2927-43B7-AA71-52636709BD3D}.Release|Any CPU.Build.0 = Release|Any CPU
		{1F452E65-B0F6-4C60-BCDD-F6EB36179C8F}.Debug|Any CPU.ActiveCfg = Debug|Any CPU
		{1F452E65-B0F6-4C60-BCDD-F6EB36179C8F}.Debug|Any CPU.Build.0 = Debug|Any CPU
		{1F452E65-B0F6-4C60-BCDD-F6EB36179C8F}.Release|Any CPU.ActiveCfg = Release|Any CPU
		{1F452E65-B0F6-4C60-BCDD-F6EB36179C8F}.Release|Any CPU.Build.0 = Release|Any CPU
		{93BC766A-7E65-4AE2-9BD2-95BAD035C8CF}.Debug|Any CPU.ActiveCfg = Debug|Any CPU
		{93BC766A-7E65-4AE2-9BD2-95BAD035C8CF}.Debug|Any CPU.Build.0 = Debug|Any CPU
		{93BC766A-7E65-4AE2-9BD2-95BAD035C8CF}.Release|Any CPU.ActiveCfg = Release|Any CPU
		{93BC766A-7E65-4AE2-9BD2-95BAD035C8CF}.Release|Any CPU.Build.0 = Release|Any CPU
		{E4DC4E19-7E75-48A5-A71B-6211AC8F555F}.Debug|Any CPU.ActiveCfg = Debug|Any CPU
		{E4DC4E19-7E75-48A5-A71B-6211AC8F555F}.Debug|Any CPU.Build.0 = Debug|Any CPU
		{E4DC4E19-7E75-48A5-A71B-6211AC8F555F}.Release|Any CPU.ActiveCfg = Release|Any CPU
		{E4DC4E19-7E75-48A5-A71B-6211AC8F555F}.Release|Any CPU.Build.0 = Release|Any CPU
		{C4459062-36E6-46D1-A862-371D619036A5}.Debug|Any CPU.ActiveCfg = Debug|Any CPU
		{C4459062-36E6-46D1-A862-371D619036A5}.Debug|Any CPU.Build.0 = Debug|Any CPU
		{C4459062-36E6-46D1-A862-371D619036A5}.Release|Any CPU.ActiveCfg = Release|Any CPU
		{C4459062-36E6-46D1-A862-371D619036A5}.Release|Any CPU.Build.0 = Release|Any CPU
		{F8A6100E-849A-48CB-9163-5F6784E03FCA}.Debug|Any CPU.ActiveCfg = Debug|Any CPU
		{F8A6100E-849A-48CB-9163-5F6784E03FCA}.Debug|Any CPU.Build.0 = Debug|Any CPU
		{F8A6100E-849A-48CB-9163-5F6784E03FCA}.Release|Any CPU.ActiveCfg = Release|Any CPU
		{F8A6100E-849A-48CB-9163-5F6784E03FCA}.Release|Any CPU.Build.0 = Release|Any CPU
		{E7CD8FD6-299E-4E59-8FAB-1DBC6BB40E85}.Debug|Any CPU.ActiveCfg = Debug|Any CPU
		{E7CD8FD6-299E-4E59-8FAB-1DBC6BB40E85}.Debug|Any CPU.Build.0 = Debug|Any CPU
		{E7CD8FD6-299E-4E59-8FAB-1DBC6BB40E85}.Release|Any CPU.ActiveCfg = Release|Any CPU
		{E7CD8FD6-299E-4E59-8FAB-1DBC6BB40E85}.Release|Any CPU.Build.0 = Release|Any CPU
		{0D46C2F2-F49C-468E-8369-DA790387891B}.Debug|Any CPU.ActiveCfg = Debug|Any CPU
		{0D46C2F2-F49C-468E-8369-DA790387891B}.Debug|Any CPU.Build.0 = Debug|Any CPU
		{0D46C2F2-F49C-468E-8369-DA790387891B}.Release|Any CPU.ActiveCfg = Release|Any CPU
		{0D46C2F2-F49C-468E-8369-DA790387891B}.Release|Any CPU.Build.0 = Release|Any CPU
		{C868F983-CD9F-47F5-B70F-EF12DA50901B}.Debug|Any CPU.ActiveCfg = Debug|Any CPU
		{C868F983-CD9F-47F5-B70F-EF12DA50901B}.Debug|Any CPU.Build.0 = Debug|Any CPU
		{C868F983-CD9F-47F5-B70F-EF12DA50901B}.Release|Any CPU.ActiveCfg = Release|Any CPU
		{C868F983-CD9F-47F5-B70F-EF12DA50901B}.Release|Any CPU.Build.0 = Release|Any CPU
		{204158C0-0EAE-4149-B51C-E260DD32600A}.Debug|Any CPU.ActiveCfg = Debug|Any CPU
		{204158C0-0EAE-4149-B51C-E260DD32600A}.Debug|Any CPU.Build.0 = Debug|Any CPU
		{204158C0-0EAE-4149-B51C-E260DD32600A}.Release|Any CPU.ActiveCfg = Release|Any CPU
		{204158C0-0EAE-4149-B51C-E260DD32600A}.Release|Any CPU.Build.0 = Release|Any CPU
		{8CD80D28-2647-47B7-9206-2FA4446B9C92}.Debug|Any CPU.ActiveCfg = Debug|Any CPU
		{8CD80D28-2647-47B7-9206-2FA4446B9C92}.Debug|Any CPU.Build.0 = Debug|Any CPU
		{8CD80D28-2647-47B7-9206-2FA4446B9C92}.Release|Any CPU.ActiveCfg = Release|Any CPU
		{8CD80D28-2647-47B7-9206-2FA4446B9C92}.Release|Any CPU.Build.0 = Release|Any CPU
		{CA815CC1-CF0F-4B68-833B-F72569F5DB7B}.Debug|Any CPU.ActiveCfg = Debug|Any CPU
		{CA815CC1-CF0F-4B68-833B-F72569F5DB7B}.Debug|Any CPU.Build.0 = Debug|Any CPU
		{CA815CC1-CF0F-4B68-833B-F72569F5DB7B}.Release|Any CPU.ActiveCfg = Release|Any CPU
		{CA815CC1-CF0F-4B68-833B-F72569F5DB7B}.Release|Any CPU.Build.0 = Release|Any CPU
		{8B049133-B324-4E25-B896-F0EE02A91B44}.Debug|Any CPU.ActiveCfg = Debug|Any CPU
		{8B049133-B324-4E25-B896-F0EE02A91B44}.Debug|Any CPU.Build.0 = Debug|Any CPU
		{8B049133-B324-4E25-B896-F0EE02A91B44}.Release|Any CPU.ActiveCfg = Release|Any CPU
		{8B049133-B324-4E25-B896-F0EE02A91B44}.Release|Any CPU.Build.0 = Release|Any CPU
		{1A15C488-F52F-4B36-B9D6-A39879789D28}.Debug|Any CPU.ActiveCfg = Debug|Any CPU
		{1A15C488-F52F-4B36-B9D6-A39879789D28}.Debug|Any CPU.Build.0 = Debug|Any CPU
		{1A15C488-F52F-4B36-B9D6-A39879789D28}.Release|Any CPU.ActiveCfg = Release|Any CPU
		{1A15C488-F52F-4B36-B9D6-A39879789D28}.Release|Any CPU.Build.0 = Release|Any CPU
		{2D4B364D-47F8-403A-80FC-887E03F024DC}.Debug|Any CPU.ActiveCfg = Debug|Any CPU
		{2D4B364D-47F8-403A-80FC-887E03F024DC}.Debug|Any CPU.Build.0 = Debug|Any CPU
		{2D4B364D-47F8-403A-80FC-887E03F024DC}.Release|Any CPU.ActiveCfg = Release|Any CPU
		{2D4B364D-47F8-403A-80FC-887E03F024DC}.Release|Any CPU.Build.0 = Release|Any CPU
		{936345AF-742F-4292-9A33-6B59B2CC3787}.Debug|Any CPU.ActiveCfg = Debug|Any CPU
		{936345AF-742F-4292-9A33-6B59B2CC3787}.Debug|Any CPU.Build.0 = Debug|Any CPU
		{936345AF-742F-4292-9A33-6B59B2CC3787}.Release|Any CPU.ActiveCfg = Release|Any CPU
		{936345AF-742F-4292-9A33-6B59B2CC3787}.Release|Any CPU.Build.0 = Release|Any CPU
		{CE76C341-38B9-4FA8-A5AB-37E102A9B838}.Debug|Any CPU.ActiveCfg = Debug|Any CPU
		{CE76C341-38B9-4FA8-A5AB-37E102A9B838}.Debug|Any CPU.Build.0 = Debug|Any CPU
		{CE76C341-38B9-4FA8-A5AB-37E102A9B838}.Release|Any CPU.ActiveCfg = Release|Any CPU
		{CE76C341-38B9-4FA8-A5AB-37E102A9B838}.Release|Any CPU.Build.0 = Release|Any CPU
	EndGlobalSection
	GlobalSection(SolutionProperties) = preSolution
		HideSolutionNode = FALSE
	EndGlobalSection
	GlobalSection(NestedProjects) = preSolution
		{42E66F17-FB61-4558-938E-7835E9BDB0F1} = {A61200F0-9CB5-493E-80A0-42D181829F3A}
		{CEEDAE42-D972-47A0-911A-9755898CA368} = {A61200F0-9CB5-493E-80A0-42D181829F3A}
		{B66FDADC-7420-412A-A3B5-44AAD89F1245} = {A61200F0-9CB5-493E-80A0-42D181829F3A}
		{3254F9ED-B4B6-48AD-B523-E45B16BBD778} = {A61200F0-9CB5-493E-80A0-42D181829F3A}
		{F5B7C9AD-90DA-469E-8C93-2F93DFB521B7} = {A61200F0-9CB5-493E-80A0-42D181829F3A}
		{BA87C69C-C08D-467F-BE00-13D92A518C33} = {EA2D5034-E5D8-4660-ADAC-52599317D4AB}
		{B7C754A4-EAAC-479F-888A-690311C40DC4} = {F1A35675-89C9-4F73-AAA3-FAF5B1212FCB}
		{18AE7BFC-A7F7-4EEC-ABB6-C4E1D43849F9} = {F1A35675-89C9-4F73-AAA3-FAF5B1212FCB}
		{CA101363-2177-4B85-9DC8-C6F7CC85931E} = {F1A35675-89C9-4F73-AAA3-FAF5B1212FCB}
		{A2703147-DB6F-44EA-A84F-AF6433C7EE64} = {F1A35675-89C9-4F73-AAA3-FAF5B1212FCB}
		{6EB89093-D1D6-4930-ABF2-3C5530338FC8} = {77C71F41-06F2-4E66-9810-CB98B5A59A94}
		{A0CC105C-2927-43B7-AA71-52636709BD3D} = {77C71F41-06F2-4E66-9810-CB98B5A59A94}
		{1F452E65-B0F6-4C60-BCDD-F6EB36179C8F} = {77C71F41-06F2-4E66-9810-CB98B5A59A94}
		{93BC766A-7E65-4AE2-9BD2-95BAD035C8CF} = {614AA553-EB57-47CC-BBCF-E94373C917DA}
		{E4DC4E19-7E75-48A5-A71B-6211AC8F555F} = {614AA553-EB57-47CC-BBCF-E94373C917DA}
		{C4459062-36E6-46D1-A862-371D619036A5} = {614AA553-EB57-47CC-BBCF-E94373C917DA}
		{F8A6100E-849A-48CB-9163-5F6784E03FCA} = {BEE875FA-59EC-4A1A-940D-0C3B6E360304}
		{E7CD8FD6-299E-4E59-8FAB-1DBC6BB40E85} = {BEE875FA-59EC-4A1A-940D-0C3B6E360304}
		{0D46C2F2-F49C-468E-8369-DA790387891B} = {BEE875FA-59EC-4A1A-940D-0C3B6E360304}
		{C868F983-CD9F-47F5-B70F-EF12DA50901B} = {E7279069-FA67-42DC-B1AA-02F963BAA432}
		{204158C0-0EAE-4149-B51C-E260DD32600A} = {E7279069-FA67-42DC-B1AA-02F963BAA432}
		{614AA553-EB57-47CC-BBCF-E94373C917DA} = {85EC9C33-206A-4B0F-A78E-BBFED4FE11BD}
		{F1A35675-89C9-4F73-AAA3-FAF5B1212FCB} = {85EC9C33-206A-4B0F-A78E-BBFED4FE11BD}
		{BEE875FA-59EC-4A1A-940D-0C3B6E360304} = {614AA553-EB57-47CC-BBCF-E94373C917DA}
		{77C71F41-06F2-4E66-9810-CB98B5A59A94} = {F1A35675-89C9-4F73-AAA3-FAF5B1212FCB}
		{345FEA79-1699-4B15-BF2C-FDAFCFAE1572} = {85EC9C33-206A-4B0F-A78E-BBFED4FE11BD}
		{8CD80D28-2647-47B7-9206-2FA4446B9C92} = {345FEA79-1699-4B15-BF2C-FDAFCFAE1572}
		{CA815CC1-CF0F-4B68-833B-F72569F5DB7B} = {345FEA79-1699-4B15-BF2C-FDAFCFAE1572}
		{8B049133-B324-4E25-B896-F0EE02A91B44} = {345FEA79-1699-4B15-BF2C-FDAFCFAE1572}
		{1A15C488-F52F-4B36-B9D6-A39879789D28} = {345FEA79-1699-4B15-BF2C-FDAFCFAE1572}
		{0C0018A6-D578-4BD8-8C49-23EF4CEF1DFB} = {345FEA79-1699-4B15-BF2C-FDAFCFAE1572}
		{2D4B364D-47F8-403A-80FC-887E03F024DC} = {0C0018A6-D578-4BD8-8C49-23EF4CEF1DFB}
		{936345AF-742F-4292-9A33-6B59B2CC3787} = {0C0018A6-D578-4BD8-8C49-23EF4CEF1DFB}
		{CE76C341-38B9-4FA8-A5AB-37E102A9B838} = {0C0018A6-D578-4BD8-8C49-23EF4CEF1DFB}
	EndGlobalSection
	GlobalSection(ExtensibilityGlobals) = postSolution
		SolutionGuid = {F51F7F7A-D302-4F30-97E8-A4EBC860CF6F}
	EndGlobalSection
EndGlobal
